
Microsoft Visual Studio Solution File, Format Version 12.00
# Visual Studio Version 17
VisualStudioVersion = 17.5.002.0
MinimumVisualStudioVersion = 10.0.40219.1
Project("{9A19103F-16F7-4668-BE54-9A1E7A4F7556}") = "UserApi", "UserApi\UserApi.csproj", "{0B79C849-0B84-4B5F-9B1C-381698466D53}"
EndProject
Project("{9A19103F-16F7-4668-BE54-9A1E7A4F7556}") = "ContentApi", "ContentApi\ContentApi.csproj", "{16D151A6-4F64-4602-B04E-4918F5BC58F4}"
EndProject
Project("{2150E333-8FDC-42A3-9474-1A3956D46DE8}") = "Tests", "Tests", "{3BB08B7B-F7B4-43FB-90B2-D6BA972DD3ED}"
EndProject
Project("{FAE04EC0-301F-11D3-BF4B-00C04F79EFBC}") = "Tests", "Tests\Tests.csproj", "{790591B9-66FD-491C-BD85-0236195A25B3}"
EndProject
Global
	GlobalSection(SolutionConfigurationPlatforms) = preSolution
		Debug|Any CPU = Debug|Any CPU
		Release|Any CPU = Release|Any CPU
	EndGlobalSection
	GlobalSection(ProjectConfigurationPlatforms) = postSolution
		{0B79C849-0B84-4B5F-9B1C-381698466D53}.Debug|Any CPU.ActiveCfg = Debug|Any CPU
		{0B79C849-0B84-4B5F-9B1C-381698466D53}.Debug|Any CPU.Build.0 = Debug|Any CPU
		{0B79C849-0B84-4B5F-9B1C-381698466D53}.Release|Any CPU.ActiveCfg = Release|Any CPU
		{0B79C849-0B84-4B5F-9B1C-381698466D53}.Release|Any CPU.Build.0 = Release|Any CPU
		{16D151A6-4F64-4602-B04E-4918F5BC58F4}.Debug|Any CPU.ActiveCfg = Debug|Any CPU
		{16D151A6-4F64-4602-B04E-4918F5BC58F4}.Debug|Any CPU.Build.0 = Debug|Any CPU
		{16D151A6-4F64-4602-B04E-4918F5BC58F4}.Release|Any CPU.ActiveCfg = Release|Any CPU
		{16D151A6-4F64-4602-B04E-4918F5BC58F4}.Release|Any CPU.Build.0 = Release|Any CPU
		{790591B9-66FD-491C-BD85-0236195A25B3}.Debug|Any CPU.ActiveCfg = Debug|Any CPU
		{790591B9-66FD-491C-BD85-0236195A25B3}.Debug|Any CPU.Build.0 = Debug|Any CPU
		{790591B9-66FD-491C-BD85-0236195A25B3}.Release|Any CPU.ActiveCfg = Release|Any CPU
		{790591B9-66FD-491C-BD85-0236195A25B3}.Release|Any CPU.Build.0 = Release|Any CPU
	EndGlobalSection
	GlobalSection(SolutionProperties) = preSolution
		HideSolutionNode = FALSE
	EndGlobalSection
	GlobalSection(ExtensibilityGlobals) = postSolution
		SolutionGuid = {95CD9FDA-F732-4627-92C9-A020C09C5141}
	EndGlobalSection
	GlobalSection(NestedProjects) = preSolution
		{790591B9-66FD-491C-BD85-0236195A25B3} = {3BB08B7B-F7B4-43FB-90B2-D6BA972DD3ED}
	EndGlobalSection
EndGlobal
